
Microsoft Visual Studio Solution File, Format Version 12.00
# Visual Studio Version 17
VisualStudioVersion = 17.0.31919.166
MinimumVisualStudioVersion = 10.0.40219.1
Project("{FAE04EC0-301F-11D3-BF4B-00C04F79EFBC}") = "PdfMetadataExtractor", "PdfMetadataExtractor.csproj", "{14E3771A-6EF5-4007-8547-D4490EB2B43D}"
EndProject
Global
	GlobalSection(SolutionConfigurationPlatforms) = preSolution
		Debug|Any CPU = Debug|Any CPU
		Release|Any CPU = Release|Any CPU
	EndGlobalSection
	GlobalSection(ProjectConfigurationPlatforms) = postSolution
		{14E3771A-6EF5-4007-8547-D4490EB2B43D}.Debug|Any CPU.ActiveCfg = Debug|Any CPU
		{14E3771A-6EF5-4007-8547-D4490EB2B43D}.Debug|Any CPU.Build.0 = Debug|Any CPU
		{14E3771A-6EF5-4007-8547-D4490EB2B43D}.Release|Any CPU.ActiveCfg = Release|Any CPU
		{14E3771A-6EF5-4007-8547-D4490EB2B43D}.Release|Any CPU.Build.0 = Release|Any CPU
	EndGlobalSection
	GlobalSection(SolutionProperties) = preSolution
		HideSolutionNode = FALSE
	EndGlobalSection
	GlobalSection(ExtensibilityGlobals) = postSolution
		SolutionGuid = {25A03F2E-C000-45B2-BFC2-FE0CD899CA79}
	EndGlobalSection
EndGlobal
